
Microsoft Visual Studio Solution File, Format Version 12.00
# Visual Studio Version 17
VisualStudioVersion = 17.11.35222.181
MinimumVisualStudioVersion = 10.0.40219.1
Project("{9A19103F-16F7-4668-BE54-9A1E7A4F7556}") = "Week4Loops", "Week4Loops\Week4Loops.csproj", "{A8166EC5-6D5E-43E2-8525-0AAA486EBF3C}"
EndProject
Project("{9A19103F-16F7-4668-BE54-9A1E7A4F7556}") = "ForLoopSum", "ForLoopSum\ForLoopSum.csproj", "{4FC2EDFF-48BB-4059-8A68-8AAEE5678432}"
EndProject
Project("{FAE04EC0-301F-11D3-BF4B-00C04F79EFBC}") = "RandomNumber", "RandomNumber\RandomNumber.csproj", "{0AB04988-F3E5-4DB4-B245-79F59FD921C6}"
EndProject
Project("{FAE04EC0-301F-11D3-BF4B-00C04F79EFBC}") = "WhileLoops", "WhileLoops\WhileLoops.csproj", "{0FC0F389-903A-4E7D-8F34-17C4F0C83ED6}"
EndProject
Global
	GlobalSection(SolutionConfigurationPlatforms) = preSolution
		Debug|Any CPU = Debug|Any CPU
		Release|Any CPU = Release|Any CPU
	EndGlobalSection
	GlobalSection(ProjectConfigurationPlatforms) = postSolution
		{A8166EC5-6D5E-43E2-8525-0AAA486EBF3C}.Debug|Any CPU.ActiveCfg = Debug|Any CPU
		{A8166EC5-6D5E-43E2-8525-0AAA486EBF3C}.Debug|Any CPU.Build.0 = Debug|Any CPU
		{A8166EC5-6D5E-43E2-8525-0AAA486EBF3C}.Release|Any CPU.ActiveCfg = Release|Any CPU
		{A8166EC5-6D5E-43E2-8525-0AAA486EBF3C}.Release|Any CPU.Build.0 = Release|Any CPU
		{4FC2EDFF-48BB-4059-8A68-8AAEE5678432}.Debug|Any CPU.ActiveCfg = Debug|Any CPU
		{4FC2EDFF-48BB-4059-8A68-8AAEE5678432}.Debug|Any CPU.Build.0 = Debug|Any CPU
		{4FC2EDFF-48BB-4059-8A68-8AAEE5678432}.Release|Any CPU.ActiveCfg = Release|Any CPU
		{4FC2EDFF-48BB-4059-8A68-8AAEE5678432}.Release|Any CPU.Build.0 = Release|Any CPU
		{0AB04988-F3E5-4DB4-B245-79F59FD921C6}.Debug|Any CPU.ActiveCfg = Debug|Any CPU
		{0AB04988-F3E5-4DB4-B245-79F59FD921C6}.Debug|Any CPU.Build.0 = Debug|Any CPU
		{0AB04988-F3E5-4DB4-B245-79F59FD921C6}.Release|Any CPU.ActiveCfg = Release|Any CPU
		{0AB04988-F3E5-4DB4-B245-79F59FD921C6}.Release|Any CPU.Build.0 = Release|Any CPU
		{0FC0F389-903A-4E7D-8F34-17C4F0C83ED6}.Debug|Any CPU.ActiveCfg = Debug|Any CPU
		{0FC0F389-903A-4E7D-8F34-17C4F0C83ED6}.Debug|Any CPU.Build.0 = Debug|Any CPU
		{0FC0F389-903A-4E7D-8F34-17C4F0C83ED6}.Release|Any CPU.ActiveCfg = Release|Any CPU
		{0FC0F389-903A-4E7D-8F34-17C4F0C83ED6}.Release|Any CPU.Build.0 = Release|Any CPU
	EndGlobalSection
	GlobalSection(SolutionProperties) = preSolution
		HideSolutionNode = FALSE
	EndGlobalSection
	GlobalSection(ExtensibilityGlobals) = postSolution
		SolutionGuid = {9C4B839D-7A81-4518-B7A6-46393F238FA0}
	EndGlobalSection
EndGlobal
